
Microsoft Visual Studio Solution File, Format Version 12.00
# Visual Studio 15
VisualStudioVersion = 15.0.27130.2010
MinimumVisualStudioVersion = 10.0.40219.1
Project("{FAE04EC0-301F-11D3-BF4B-00C04F79EFBC}") = "fancyCalculator", "fancyCalculator\fancyCalculator.csproj", "{BDDDC20E-6483-481B-8C25-18CAC5435C63}"
EndProject
Global
	GlobalSection(SolutionConfigurationPlatforms) = preSolution
		Debug|Any CPU = Debug|Any CPU
		Release|Any CPU = Release|Any CPU
	EndGlobalSection
	GlobalSection(ProjectConfigurationPlatforms) = postSolution
		{BDDDC20E-6483-481B-8C25-18CAC5435C63}.Debug|Any CPU.ActiveCfg = Debug|Any CPU
		{BDDDC20E-6483-481B-8C25-18CAC5435C63}.Debug|Any CPU.Build.0 = Debug|Any CPU
		{BDDDC20E-6483-481B-8C25-18CAC5435C63}.Release|Any CPU.ActiveCfg = Release|Any CPU
		{BDDDC20E-6483-481B-8C25-18CAC5435C63}.Release|Any CPU.Build.0 = Release|Any CPU
	EndGlobalSection
	GlobalSection(SolutionProperties) = preSolution
		HideSolutionNode = FALSE
	EndGlobalSection
	GlobalSection(ExtensibilityGlobals) = postSolution
		SolutionGuid = {4B3A6386-0858-49F6-BB6F-1E35A6084B13}
	EndGlobalSection
EndGlobal
